
Microsoft Visual Studio Solution File, Format Version 12.00
# Visual Studio 14
VisualStudioVersion = 14.0.25420.1
MinimumVisualStudioVersion = 10.0.40219.1
Project("{FAE04EC0-301F-11D3-BF4B-00C04F79EFBC}") = "BookStore.UI", "BookStore.UI\BookStore.UI.csproj", "{E7FFB467-2B01-465E-836F-674F190321C3}"
EndProject
Global
	GlobalSection(SolutionConfigurationPlatforms) = preSolution
		Debug|Any CPU = Debug|Any CPU
		Release|Any CPU = Release|Any CPU
	EndGlobalSection
	GlobalSection(ProjectConfigurationPlatforms) = postSolution
		{E7FFB467-2B01-465E-836F-674F190321C3}.Debug|Any CPU.ActiveCfg = Debug|Any CPU
		{E7FFB467-2B01-465E-836F-674F190321C3}.Debug|Any CPU.Build.0 = Debug|Any CPU
		{E7FFB467-2B01-465E-836F-674F190321C3}.Release|Any CPU.ActiveCfg = Release|Any CPU
		{E7FFB467-2B01-465E-836F-674F190321C3}.Release|Any CPU.Build.0 = Release|Any CPU
	EndGlobalSection
	GlobalSection(SolutionProperties) = preSolution
		HideSolutionNode = FALSE
	EndGlobalSection
EndGlobal
